
Microsoft Visual Studio Solution File, Format Version 12.00
# Visual Studio Version 16
VisualStudioVersion = 16.0.33214.272
MinimumVisualStudioVersion = 10.0.40219.1
Project("{FAE04EC0-301F-11D3-BF4B-00C04F79EFBC}") = "DiceRollGame", "DiceRollGame\DiceRollGame.csproj", "{21B84B3A-0374-444D-8D62-FEF66C9C906F}"
EndProject
Global
	GlobalSection(SolutionConfigurationPlatforms) = preSolution
		Debug|Any CPU = Debug|Any CPU
		Release|Any CPU = Release|Any CPU
	EndGlobalSection
	GlobalSection(ProjectConfigurationPlatforms) = postSolution
		{21B84B3A-0374-444D-8D62-FEF66C9C906F}.Debug|Any CPU.ActiveCfg = Debug|Any CPU
		{21B84B3A-0374-444D-8D62-FEF66C9C906F}.Debug|Any CPU.Build.0 = Debug|Any CPU
		{21B84B3A-0374-444D-8D62-FEF66C9C906F}.Release|Any CPU.ActiveCfg = Release|Any CPU
		{21B84B3A-0374-444D-8D62-FEF66C9C906F}.Release|Any CPU.Build.0 = Release|Any CPU
	EndGlobalSection
	GlobalSection(SolutionProperties) = preSolution
		HideSolutionNode = FALSE
	EndGlobalSection
	GlobalSection(ExtensibilityGlobals) = postSolution
		SolutionGuid = {32DA5BC3-2C20-4267-AF34-2C5C02C201B1}
	EndGlobalSection
EndGlobal
